
Microsoft Visual Studio Solution File, Format Version 12.00
# Visual Studio Version 16
VisualStudioVersion = 16.0.29215.179
MinimumVisualStudioVersion = 10.0.40219.1
Project("{FAE04EC0-301F-11D3-BF4B-00C04F79EFBC}") = "Joonasw.ManagedIdentityFileSharingDemo", "Joonasw.ManagedIdentityFileSharingDemo\Joonasw.ManagedIdentityFileSharingDemo.csproj", "{B0405238-CCC4-406C-AFD5-563FD143C964}"
EndProject
Project("{2150E333-8FDC-42A3-9474-1A3956D46DE8}") = "SetupScripts", "SetupScripts", "{77D25071-A9C7-46DD-8CA6-721F4104A3FE}"
	ProjectSection(SolutionItems) = preProject
		SetupScripts\Assign-Permissions.ps1 = SetupScripts\Assign-Permissions.ps1
		SetupScripts\CreateSqlUser.sql = SetupScripts\CreateSqlUser.sql
	EndProjectSection
EndProject
Global
	GlobalSection(SolutionConfigurationPlatforms) = preSolution
		Debug|Any CPU = Debug|Any CPU
		Release|Any CPU = Release|Any CPU
	EndGlobalSection
	GlobalSection(ProjectConfigurationPlatforms) = postSolution
		{B0405238-CCC4-406C-AFD5-563FD143C964}.Debug|Any CPU.ActiveCfg = Debug|Any CPU
		{B0405238-CCC4-406C-AFD5-563FD143C964}.Debug|Any CPU.Build.0 = Debug|Any CPU
		{B0405238-CCC4-406C-AFD5-563FD143C964}.Release|Any CPU.ActiveCfg = Release|Any CPU
		{B0405238-CCC4-406C-AFD5-563FD143C964}.Release|Any CPU.Build.0 = Release|Any CPU
	EndGlobalSection
	GlobalSection(SolutionProperties) = preSolution
		HideSolutionNode = FALSE
	EndGlobalSection
	GlobalSection(ExtensibilityGlobals) = postSolution
		SolutionGuid = {173ABEBD-943E-4AA7-94E7-12561125E471}
	EndGlobalSection
EndGlobal
