
Microsoft Visual Studio Solution File, Format Version 12.00
# Visual Studio Version 16
VisualStudioVersion = 16.0.29215.179
MinimumVisualStudioVersion = 10.0.40219.1
Project("{9A19103F-16F7-4668-BE54-9A1E7A4F7556}") = "Joonasw.ManagedIdentityFileSharingDemo", "Joonasw.ManagedIdentityFileSharingDemo\Joonasw.ManagedIdentityFileSharingDemo.csproj", "{B0405238-CCC4-406C-AFD5-563FD143C964}"
EndProject
Project("{2150E333-8FDC-42A3-9474-1A3956D46DE8}") = "SetupScripts", "SetupScripts", "{77D25071-A9C7-46DD-8CA6-721F4104A3FE}"
	ProjectSection(SolutionItems) = preProject
		SetupScripts\Migrations.sql = SetupScripts\Migrations.sql
		SetupScripts\Setup-AzureDb.ps1 = SetupScripts\Setup-AzureDb.ps1
	EndProjectSection
EndProject
Project("{2150E333-8FDC-42A3-9474-1A3956D46DE8}") = "Solution Items", "Solution Items", "{E0CBA4DC-726C-48F0-A4F0-EC0DE1BA6DE4}"
	ProjectSection(SolutionItems) = preProject
		LICENSE.txt = LICENSE.txt
		README.md = README.md
	EndProjectSection
EndProject
Project("{151D2E53-A2C4-4D7D-83FE-D05416EBD58E}") = "Joonasw.ManagedIdentityFileSharingDemo.ARM", "Joonasw.ManagedIdentityFileSharingDemo.ARM\Joonasw.ManagedIdentityFileSharingDemo.ARM.deployproj", "{74668394-EDF7-4C53-B2D9-311467FA74E9}"
EndProject
Global
	GlobalSection(SolutionConfigurationPlatforms) = preSolution
		Debug|Any CPU = Debug|Any CPU
		Release|Any CPU = Release|Any CPU
	EndGlobalSection
	GlobalSection(ProjectConfigurationPlatforms) = postSolution
		{B0405238-CCC4-406C-AFD5-563FD143C964}.Debug|Any CPU.ActiveCfg = Debug|Any CPU
		{B0405238-CCC4-406C-AFD5-563FD143C964}.Debug|Any CPU.Build.0 = Debug|Any CPU
		{B0405238-CCC4-406C-AFD5-563FD143C964}.Release|Any CPU.ActiveCfg = Release|Any CPU
		{B0405238-CCC4-406C-AFD5-563FD143C964}.Release|Any CPU.Build.0 = Release|Any CPU
		{74668394-EDF7-4C53-B2D9-311467FA74E9}.Debug|Any CPU.ActiveCfg = Debug|Any CPU
		{74668394-EDF7-4C53-B2D9-311467FA74E9}.Debug|Any CPU.Build.0 = Debug|Any CPU
		{74668394-EDF7-4C53-B2D9-311467FA74E9}.Release|Any CPU.ActiveCfg = Release|Any CPU
		{74668394-EDF7-4C53-B2D9-311467FA74E9}.Release|Any CPU.Build.0 = Release|Any CPU
	EndGlobalSection
	GlobalSection(SolutionProperties) = preSolution
		HideSolutionNode = FALSE
	EndGlobalSection
	GlobalSection(ExtensibilityGlobals) = postSolution
		SolutionGuid = {173ABEBD-943E-4AA7-94E7-12561125E471}
	EndGlobalSection
EndGlobal
